
Microsoft Visual Studio Solution File, Format Version 11.00
# Visual Studio 2010
Project("{FAE04EC0-301F-11D3-BF4B-00C04F79EFBC}") = "PlayMode", "PlayMode.csproj", "{99e6d408-46d6-17ae-1f28-7d7fcd941e5f}"
EndProject
Project("{FAE04EC0-301F-11D3-BF4B-00C04F79EFBC}") = "EditMode", "EditMode.csproj", "{0d39d927-b50b-b2c5-4a4a-b509db9711f5}"
EndProject
Global
	GlobalSection(SolutionConfigurationPlatforms) = preSolution
		Debug|Any CPU = Debug|Any CPU
	EndGlobalSection
	GlobalSection(ProjectConfigurationPlatforms) = postSolution
		{99e6d408-46d6-17ae-1f28-7d7fcd941e5f}.Debug|Any CPU.ActiveCfg = Debug|Any CPU
		{99e6d408-46d6-17ae-1f28-7d7fcd941e5f}.Debug|Any CPU.Build.0 = Debug|Any CPU
		{0d39d927-b50b-b2c5-4a4a-b509db9711f5}.Debug|Any CPU.ActiveCfg = Debug|Any CPU
		{0d39d927-b50b-b2c5-4a4a-b509db9711f5}.Debug|Any CPU.Build.0 = Debug|Any CPU
	EndGlobalSection
	GlobalSection(SolutionProperties) = preSolution
		HideSolutionNode = FALSE
	EndGlobalSection
EndGlobal
